
Microsoft Visual Studio Solution File, Format Version 12.00
# Visual Studio 15
VisualStudioVersion = 15.0.28307.136
MinimumVisualStudioVersion = 10.0.40219.1
Project("{FAE04EC0-301F-11D3-BF4B-00C04F79EFBC}") = "CrackingCoding", "CrackingCoding\CrackingCoding.csproj", "{3CBB7257-E9FD-4AFB-B94D-3D9990200E11}"
EndProject
Global
	GlobalSection(SolutionConfigurationPlatforms) = preSolution
		Debug|Any CPU = Debug|Any CPU
		Release|Any CPU = Release|Any CPU
	EndGlobalSection
	GlobalSection(ProjectConfigurationPlatforms) = postSolution
		{3CBB7257-E9FD-4AFB-B94D-3D9990200E11}.Debug|Any CPU.ActiveCfg = Debug|Any CPU
		{3CBB7257-E9FD-4AFB-B94D-3D9990200E11}.Debug|Any CPU.Build.0 = Debug|Any CPU
		{3CBB7257-E9FD-4AFB-B94D-3D9990200E11}.Release|Any CPU.ActiveCfg = Release|Any CPU
		{3CBB7257-E9FD-4AFB-B94D-3D9990200E11}.Release|Any CPU.Build.0 = Release|Any CPU
	EndGlobalSection
	GlobalSection(SolutionProperties) = preSolution
		HideSolutionNode = FALSE
	EndGlobalSection
	GlobalSection(ExtensibilityGlobals) = postSolution
		SolutionGuid = {215B5186-AA1C-48ED-8D23-ABDBC0E0F321}
	EndGlobalSection
EndGlobal
